
Microsoft Visual Studio Solution File, Format Version 12.00
# Visual Studio for Mac
Project("{FAE04EC0-301F-11D3-BF4B-00C04F79EFBC}") = "Assembly-CSharp", "Assembly-CSharp.csproj", "{BC23D8F1-DFA2-AEB3-3723-84157A2440CE}"
EndProject
Global
	GlobalSection(SolutionConfigurationPlatforms) = preSolution
		Debug|Any CPU = Debug|Any CPU
		Release|Any CPU = Release|Any CPU
	EndGlobalSection
	GlobalSection(ProjectConfigurationPlatforms) = postSolution
		{BC23D8F1-DFA2-AEB3-3723-84157A2440CE}.Debug|Any CPU.ActiveCfg = Debug|Any CPU
		{BC23D8F1-DFA2-AEB3-3723-84157A2440CE}.Debug|Any CPU.Build.0 = Debug|Any CPU
		{BC23D8F1-DFA2-AEB3-3723-84157A2440CE}.Release|Any CPU.ActiveCfg = Release|Any CPU
		{BC23D8F1-DFA2-AEB3-3723-84157A2440CE}.Release|Any CPU.Build.0 = Release|Any CPU
	EndGlobalSection
	GlobalSection(SolutionProperties) = preSolution
		HideSolutionNode = FALSE
	EndGlobalSection
EndGlobal
